
Microsoft Visual Studio Solution File, Format Version 12.00
# Visual Studio Version 16
VisualStudioVersion = 16.0.29025.244
MinimumVisualStudioVersion = 10.0.40219.1
Project("{FAE04EC0-301F-11D3-BF4B-00C04F79EFBC}") = "UsingListAndDictionary", "UsingListAndDictionary.csproj", "{9AD821BB-BDCB-401F-AD8E-82C193C1906F}"
EndProject
Global
	GlobalSection(SolutionConfigurationPlatforms) = preSolution
		Debug|Any CPU = Debug|Any CPU
		Release|Any CPU = Release|Any CPU
	EndGlobalSection
	GlobalSection(ProjectConfigurationPlatforms) = postSolution
		{9AD821BB-BDCB-401F-AD8E-82C193C1906F}.Debug|Any CPU.ActiveCfg = Debug|Any CPU
		{9AD821BB-BDCB-401F-AD8E-82C193C1906F}.Debug|Any CPU.Build.0 = Debug|Any CPU
		{9AD821BB-BDCB-401F-AD8E-82C193C1906F}.Release|Any CPU.ActiveCfg = Release|Any CPU
		{9AD821BB-BDCB-401F-AD8E-82C193C1906F}.Release|Any CPU.Build.0 = Release|Any CPU
	EndGlobalSection
	GlobalSection(SolutionProperties) = preSolution
		HideSolutionNode = FALSE
	EndGlobalSection
	GlobalSection(ExtensibilityGlobals) = postSolution
		SolutionGuid = {184AA40D-27E4-4D2A-A69D-404687267419}
	EndGlobalSection
EndGlobal
