
Microsoft Visual Studio Solution File, Format Version 12.00
# Visual Studio Version 16
VisualStudioVersion = 16.0.29025.244
MinimumVisualStudioVersion = 10.0.40219.1
Project("{FAE04EC0-301F-11D3-BF4B-00C04F79EFBC}") = "FirstWebApp", "FirstWebApp.csproj", "{AFC8B748-2CC4-40D1-9415-19F1576555B1}"
EndProject
Global
	GlobalSection(SolutionConfigurationPlatforms) = preSolution
		Debug|Any CPU = Debug|Any CPU
		Release|Any CPU = Release|Any CPU
	EndGlobalSection
	GlobalSection(ProjectConfigurationPlatforms) = postSolution
		{AFC8B748-2CC4-40D1-9415-19F1576555B1}.Debug|Any CPU.ActiveCfg = Debug|Any CPU
		{AFC8B748-2CC4-40D1-9415-19F1576555B1}.Debug|Any CPU.Build.0 = Debug|Any CPU
		{AFC8B748-2CC4-40D1-9415-19F1576555B1}.Release|Any CPU.ActiveCfg = Release|Any CPU
		{AFC8B748-2CC4-40D1-9415-19F1576555B1}.Release|Any CPU.Build.0 = Release|Any CPU
	EndGlobalSection
	GlobalSection(SolutionProperties) = preSolution
		HideSolutionNode = FALSE
	EndGlobalSection
	GlobalSection(ExtensibilityGlobals) = postSolution
		SolutionGuid = {8788131E-2AFF-445A-9443-71207FF1A7BD}
	EndGlobalSection
EndGlobal
