
Microsoft Visual Studio Solution File, Format Version 12.00
# Visual Studio Version 16
VisualStudioVersion = 16.0.29025.244
MinimumVisualStudioVersion = 10.0.40219.1
Project("{FAE04EC0-301F-11D3-BF4B-00C04F79EFBC}") = "RPS.BLL", "RPS.BLL.csproj", "{CFB48006-56D6-4642-90C1-FCE600B3FE0C}"
EndProject
Project("{FAE04EC0-301F-11D3-BF4B-00C04F79EFBC}") = "RPS.UI", "..\RPS.UI\RPS.UI.csproj", "{20EB9998-A94B-4828-AB90-61975942CC26}"
EndProject
Global
	GlobalSection(SolutionConfigurationPlatforms) = preSolution
		Debug|Any CPU = Debug|Any CPU
		Release|Any CPU = Release|Any CPU
	EndGlobalSection
	GlobalSection(ProjectConfigurationPlatforms) = postSolution
		{CFB48006-56D6-4642-90C1-FCE600B3FE0C}.Debug|Any CPU.ActiveCfg = Debug|Any CPU
		{CFB48006-56D6-4642-90C1-FCE600B3FE0C}.Debug|Any CPU.Build.0 = Debug|Any CPU
		{CFB48006-56D6-4642-90C1-FCE600B3FE0C}.Release|Any CPU.ActiveCfg = Release|Any CPU
		{CFB48006-56D6-4642-90C1-FCE600B3FE0C}.Release|Any CPU.Build.0 = Release|Any CPU
		{20EB9998-A94B-4828-AB90-61975942CC26}.Debug|Any CPU.ActiveCfg = Debug|Any CPU
		{20EB9998-A94B-4828-AB90-61975942CC26}.Debug|Any CPU.Build.0 = Debug|Any CPU
		{20EB9998-A94B-4828-AB90-61975942CC26}.Release|Any CPU.ActiveCfg = Release|Any CPU
		{20EB9998-A94B-4828-AB90-61975942CC26}.Release|Any CPU.Build.0 = Release|Any CPU
	EndGlobalSection
	GlobalSection(SolutionProperties) = preSolution
		HideSolutionNode = FALSE
	EndGlobalSection
	GlobalSection(ExtensibilityGlobals) = postSolution
		SolutionGuid = {49F1487B-AE80-4969-BCAD-3246078CEA8A}
	EndGlobalSection
EndGlobal
