
Microsoft Visual Studio Solution File, Format Version 12.00
# Visual Studio Version 16
VisualStudioVersion = 16.0.29025.244
MinimumVisualStudioVersion = 10.0.40219.1
Project("{FAE04EC0-301F-11D3-BF4B-00C04F79EFBC}") = "HowToLINQ", "HowToLINQ.csproj", "{12876D2D-12C1-4083-9302-A4F31FFB51C4}"
EndProject
Global
	GlobalSection(SolutionConfigurationPlatforms) = preSolution
		Debug|Any CPU = Debug|Any CPU
		Release|Any CPU = Release|Any CPU
	EndGlobalSection
	GlobalSection(ProjectConfigurationPlatforms) = postSolution
		{12876D2D-12C1-4083-9302-A4F31FFB51C4}.Debug|Any CPU.ActiveCfg = Debug|Any CPU
		{12876D2D-12C1-4083-9302-A4F31FFB51C4}.Debug|Any CPU.Build.0 = Debug|Any CPU
		{12876D2D-12C1-4083-9302-A4F31FFB51C4}.Release|Any CPU.ActiveCfg = Release|Any CPU
		{12876D2D-12C1-4083-9302-A4F31FFB51C4}.Release|Any CPU.Build.0 = Release|Any CPU
	EndGlobalSection
	GlobalSection(SolutionProperties) = preSolution
		HideSolutionNode = FALSE
	EndGlobalSection
	GlobalSection(ExtensibilityGlobals) = postSolution
		SolutionGuid = {26DEAC42-68AE-4333-8478-7F3721144029}
	EndGlobalSection
EndGlobal
