
Microsoft Visual Studio Solution File, Format Version 12.00
# Visual Studio Version 16
VisualStudioVersion = 16.0.29025.244
MinimumVisualStudioVersion = 10.0.40219.1
Project("{FAE04EC0-301F-11D3-BF4B-00C04F79EFBC}") = "ContainsKey Practice", "ContainsKey Practice.csproj", "{E1BD5F85-0025-4CBB-9924-8E503D27883A}"
EndProject
Global
	GlobalSection(SolutionConfigurationPlatforms) = preSolution
		Debug|Any CPU = Debug|Any CPU
		Release|Any CPU = Release|Any CPU
	EndGlobalSection
	GlobalSection(ProjectConfigurationPlatforms) = postSolution
		{E1BD5F85-0025-4CBB-9924-8E503D27883A}.Debug|Any CPU.ActiveCfg = Debug|Any CPU
		{E1BD5F85-0025-4CBB-9924-8E503D27883A}.Debug|Any CPU.Build.0 = Debug|Any CPU
		{E1BD5F85-0025-4CBB-9924-8E503D27883A}.Release|Any CPU.ActiveCfg = Release|Any CPU
		{E1BD5F85-0025-4CBB-9924-8E503D27883A}.Release|Any CPU.Build.0 = Release|Any CPU
	EndGlobalSection
	GlobalSection(SolutionProperties) = preSolution
		HideSolutionNode = FALSE
	EndGlobalSection
	GlobalSection(ExtensibilityGlobals) = postSolution
		SolutionGuid = {B1EB58A6-CCCC-4895-96CE-E8C2D3F34899}
	EndGlobalSection
EndGlobal
