
Microsoft Visual Studio Solution File, Format Version 12.00
# Visual Studio Version 16
VisualStudioVersion = 16.0.29025.244
MinimumVisualStudioVersion = 10.0.40219.1
Project("{FAE04EC0-301F-11D3-BF4B-00C04F79EFBC}") = "ConstructorPractice", "ConstructorPractice.csproj", "{675E1A4A-76DD-44E0-90EF-2B887898D1D8}"
EndProject
Global
	GlobalSection(SolutionConfigurationPlatforms) = preSolution
		Debug|Any CPU = Debug|Any CPU
		Release|Any CPU = Release|Any CPU
	EndGlobalSection
	GlobalSection(ProjectConfigurationPlatforms) = postSolution
		{675E1A4A-76DD-44E0-90EF-2B887898D1D8}.Debug|Any CPU.ActiveCfg = Debug|Any CPU
		{675E1A4A-76DD-44E0-90EF-2B887898D1D8}.Debug|Any CPU.Build.0 = Debug|Any CPU
		{675E1A4A-76DD-44E0-90EF-2B887898D1D8}.Release|Any CPU.ActiveCfg = Release|Any CPU
		{675E1A4A-76DD-44E0-90EF-2B887898D1D8}.Release|Any CPU.Build.0 = Release|Any CPU
	EndGlobalSection
	GlobalSection(SolutionProperties) = preSolution
		HideSolutionNode = FALSE
	EndGlobalSection
	GlobalSection(ExtensibilityGlobals) = postSolution
		SolutionGuid = {CACFAFA6-5A6B-467E-8408-0A0730D23CBE}
	EndGlobalSection
EndGlobal
